
Microsoft Visual Studio Solution File, Format Version 12.00
# Visual Studio 15
VisualStudioVersion = 15.0.28307.329
MinimumVisualStudioVersion = 10.0.40219.1
Project("{FAE04EC0-301F-11D3-BF4B-00C04F79EFBC}") = "TouristAgency.WebUI", "TouristAgency.WebUI\TouristAgency.WebUI.csproj", "{65244E1D-8284-4304-B115-C7FE163CC34A}"
EndProject
Project("{FAE04EC0-301F-11D3-BF4B-00C04F79EFBC}") = "TouristAgency.WebUI.Tests", "TouristAgency.WebUI.Tests\TouristAgency.WebUI.Tests.csproj", "{2D668ADE-CC87-4561-ADFB-445732985D98}"
EndProject
Project("{FAE04EC0-301F-11D3-BF4B-00C04F79EFBC}") = "TouristAgency.Domain", "TouristAgency.Domain\TouristAgency.Domain.csproj", "{E45C0670-FF18-4E55-8BDB-1AD38D86083B}"
EndProject
Global
	GlobalSection(SolutionConfigurationPlatforms) = preSolution
		Debug|Any CPU = Debug|Any CPU
		Release|Any CPU = Release|Any CPU
	EndGlobalSection
	GlobalSection(ProjectConfigurationPlatforms) = postSolution
		{65244E1D-8284-4304-B115-C7FE163CC34A}.Debug|Any CPU.ActiveCfg = Debug|Any CPU
		{65244E1D-8284-4304-B115-C7FE163CC34A}.Debug|Any CPU.Build.0 = Debug|Any CPU
		{65244E1D-8284-4304-B115-C7FE163CC34A}.Release|Any CPU.ActiveCfg = Release|Any CPU
		{65244E1D-8284-4304-B115-C7FE163CC34A}.Release|Any CPU.Build.0 = Release|Any CPU
		{2D668ADE-CC87-4561-ADFB-445732985D98}.Debug|Any CPU.ActiveCfg = Debug|Any CPU
		{2D668ADE-CC87-4561-ADFB-445732985D98}.Debug|Any CPU.Build.0 = Debug|Any CPU
		{2D668ADE-CC87-4561-ADFB-445732985D98}.Release|Any CPU.ActiveCfg = Release|Any CPU
		{2D668ADE-CC87-4561-ADFB-445732985D98}.Release|Any CPU.Build.0 = Release|Any CPU
		{E45C0670-FF18-4E55-8BDB-1AD38D86083B}.Debug|Any CPU.ActiveCfg = Debug|Any CPU
		{E45C0670-FF18-4E55-8BDB-1AD38D86083B}.Debug|Any CPU.Build.0 = Debug|Any CPU
		{E45C0670-FF18-4E55-8BDB-1AD38D86083B}.Release|Any CPU.ActiveCfg = Release|Any CPU
		{E45C0670-FF18-4E55-8BDB-1AD38D86083B}.Release|Any CPU.Build.0 = Release|Any CPU
	EndGlobalSection
	GlobalSection(SolutionProperties) = preSolution
		HideSolutionNode = FALSE
	EndGlobalSection
	GlobalSection(ExtensibilityGlobals) = postSolution
		SolutionGuid = {A5E116A9-17F8-4E32-9C16-3D86872F53AC}
	EndGlobalSection
EndGlobal
